// !$*UTF8*$!
{
	archiveVersion = 1;
	classes = {
	};
	objectVersion = 56;
	objects = {

/* Begin PBXBuildFile section */
		6C9C9BE929A4CF3000A6852A /* AppDelegate.swift in Sources */ = {isa = PBXBuildFile; fileRef = 6C9C9BE829A4CF3000A6852A /* AppDelegate.swift */; };
		6C9C9BEB29A4CF3000A6852A /* SceneDelegate.swift in Sources */ = {isa = PBXBuildFile; fileRef = 6C9C9BEA29A4CF3000A6852A /* SceneDelegate.swift */; };
		6C9C9BED29A4CF3000A6852A /* ViewController.swift in Sources */ = {isa = PBXBuildFile; fileRef = 6C9C9BEC29A4CF3000A6852A /* ViewController.swift */; };
		6C9C9BF029A4CF3000A6852A /* Main.storyboard in Resources */ = {isa = PBXBuildFile; fileRef = 6C9C9BEE29A4CF3000A6852A /* Main.storyboard */; };
		6C9C9BF229A4CF3100A6852A /* Assets.xcassets in Resources */ = {isa = PBXBuildFile; fileRef = 6C9C9BF129A4CF3100A6852A /* Assets.xcassets */; };
		6C9C9BF529A4CF3100A6852A /* LaunchScreen.storyboard in Resources */ = {isa = PBXBuildFile; fileRef = 6C9C9BF329A4CF3100A6852A /* LaunchScreen.storyboard */; };
		6C9C9BFE29A4CF9200A6852A /* DirectionCvCell.swift in Sources */ = {isa = PBXBuildFile; fileRef = 6C9C9BFC29A4CF9200A6852A /* DirectionCvCell.swift */; };
		6C9C9BFF29A4CF9200A6852A /* DirectionCvCell.xib in Resources */ = {isa = PBXBuildFile; fileRef = 6C9C9BFD29A4CF9200A6852A /* DirectionCvCell.xib */; };
/* End PBXBuildFile section */

/* Begin PBXFileReference section */
		6C9C9BE529A4CF3000A6852A /* CollectionViewLeft&RightDirection.app */ = {isa = PBXFileReference; explicitFileType = wrapper.application; includeInIndex = 0; path = "CollectionViewLeft&RightDirection.app"; sourceTree = BUILT_PRODUCTS_DIR; };
		6C9C9BE829A4CF3000A6852A /* AppDelegate.swift */ = {isa = PBXFileReference; lastKnownFileType = sourcecode.swift; path = AppDelegate.swift; sourceTree = "<group>"; };
		6C9C9BEA29A4CF3000A6852A /* SceneDelegate.swift */ = {isa = PBXFileReference; lastKnownFileType = sourcecode.swift; path = SceneDelegate.swift; sourceTree = "<group>"; };
		6C9C9BEC29A4CF3000A6852A /* ViewController.swift */ = {isa = PBXFileReference; lastKnownFileType = sourcecode.swift; path = ViewController.swift; sourceTree = "<group>"; };
		6C9C9BEF29A4CF3000A6852A /* Base */ = {isa = PBXFileReference; lastKnownFileType = file.storyboard; name = Base; path = Base.lproj/Main.storyboard; sourceTree = "<group>"; };
		6C9C9BF129A4CF3100A6852A /* Assets.xcassets */ = {isa = PBXFileReference; lastKnownFileType = folder.assetcatalog; path = Assets.xcassets; sourceTree = "<group>"; };
		6C9C9BF429A4CF3100A6852A /* Base */ = {isa = PBXFileReference; lastKnownFileType = file.storyboard; name = Base; path = Base.lproj/LaunchScreen.storyboard; sourceTree = "<group>"; };
		6C9C9BF629A4CF3100A6852A /* Info.plist */ = {isa = PBXFileReference; lastKnownFileType = text.plist.xml; path = Info.plist; sourceTree = "<group>"; };
		6C9C9BFC29A4CF9200A6852A /* DirectionCvCell.swift */ = {isa = PBXFileReference; lastKnownFileType = sourcecode.swift; path = DirectionCvCell.swift; sourceTree = "<group>"; };
		6C9C9BFD29A4CF9200A6852A /* DirectionCvCell.xib */ = {isa = PBXFileReference; lastKnownFileType = file.xib; path = DirectionCvCell.xib; sourceTree = "<group>"; };
/* End PBXFileReference section */

/* Begin PBXFrameworksBuildPhase section */
		6C9C9BE229A4CF3000A6852A /* Frameworks */ = {
			isa = PBXFrameworksBuildPhase;
			buildActionMask = 2147483647;
			files = (
			);
			runOnlyForDeploymentPostprocessing = 0;
		};
/* End PBXFrameworksBuildPhase section */

/* Begin PBXGroup section */
		6C9C9BDC29A4CF3000A6852A = {
			isa = PBXGroup;
			children = (
				6C9C9BE729A4CF3000A6852A /* CollectionViewLeft&RightDirection */,
				6C9C9BE629A4CF3000A6852A /* Products */,
			);
			sourceTree = "<group>";
		};
		6C9C9BE629A4CF3000A6852A /* Products */ = {
			isa = PBXGroup;
			children = (
				6C9C9BE529A4CF3000A6852A /* CollectionViewLeft&RightDirection.app */,
			);
			name = Products;
			sourceTree = "<group>";
		};
		6C9C9BE729A4CF3000A6852A /* CollectionViewLeft&RightDirection */ = {
			isa = PBXGroup;
			children = (
				6C9C9BE829A4CF3000A6852A /* AppDelegate.swift */,
				6C9C9BEA29A4CF3000A6852A /* SceneDelegate.swift */,
				6C9C9BEC29A4CF3000A6852A /* ViewController.swift */,
				6C9C9BFC29A4CF9200A6852A /* DirectionCvCell.swift */,
				6C9C9BFD29A4CF9200A6852A /* DirectionCvCell.xib */,
				6C9C9BEE29A4CF3000A6852A /* Main.storyboard */,
				6C9C9BF129A4CF3100A6852A /* Assets.xcassets */,
				6C9C9BF329A4CF3100A6852A /* LaunchScreen.storyboard */,
				6C9C9BF629A4CF3100A6852A /* Info.plist */,
			);
			path = "CollectionViewLeft&RightDirection";
			sourceTree = "<group>";
		};
/* End PBXGroup section */

/* Begin PBXNativeTarget section */
		6C9C9BE429A4CF3000A6852A /* CollectionViewLeft&RightDirection */ = {
			isa = PBXNativeTarget;
			buildConfigurationList = 6C9C9BF929A4CF3100A6852A /* Build configuration list for PBXNativeTarget "CollectionViewLeft&RightDirection" */;
			buildPhases = (
				6C9C9BE129A4CF3000A6852A /* Sources */,
				6C9C9BE229A4CF3000A6852A /* Frameworks */,
				6C9C9BE329A4CF3000A6852A /* Resources */,
			);
			buildRules = (
			);
			dependencies = (
			);
			name = "CollectionViewLeft&RightDirection";
			productName = "CollectionViewLeft&RightDirection";
			productReference = 6C9C9BE529A4CF3000A6852A /* CollectionViewLeft&RightDirection.app */;
			productType = "com.apple.product-type.application";
		};
/* End PBXNativeTarget section */

/* Begin PBXProject section */
		6C9C9BDD29A4CF3000A6852A /* Project object */ = {
			isa = PBXProject;
			attributes = {
				BuildIndependentTargetsInParallel = 1;
				LastSwiftUpdateCheck = 1420;
				LastUpgradeCheck = 1420;
				TargetAttributes = {
					6C9C9BE429A4CF3000A6852A = {
						CreatedOnToolsVersion = 14.2;
					};
				};
			};
			buildConfigurationList = 6C9C9BE029A4CF3000A6852A /* Build configuration list for PBXProject "CollectionViewLeft&RightDirection" */;
			compatibilityVersion = "Xcode 14.0";
			developmentRegion = en;
			hasScannedForEncodings = 0;
			knownRegions = (
				en,
				Base,
			);
			mainGroup = 6C9C9BDC29A4CF3000A6852A;
			productRefGroup = 6C9C9BE629A4CF3000A6852A /* Products */;
			projectDirPath = "";
			projectRoot = "";
			targets = (
				6C9C9BE429A4CF3000A6852A /* CollectionViewLeft&RightDirection */,
			);
		};
/* End PBXProject section */

/* Begin PBXResourcesBuildPhase section */
		6C9C9BE329A4CF3000A6852A /* Resources */ = {
			isa = PBXResourcesBuildPhase;
			buildActionMask = 2147483647;
			files = (
				6C9C9BF529A4CF3100A6852A /* LaunchScreen.storyboard in Resources */,
				6C9C9BF229A4CF3100A6852A /* Assets.xcassets in Resources */,
				6C9C9BFF29A4CF9200A6852A /* DirectionCvCell.xib in Resources */,
				6C9C9BF029A4CF3000A6852A /* Main.storyboard in Resources */,
			);
			runOnlyForDeploymentPostprocessing = 0;
		};
/* End PBXResourcesBuildPhase section */

/* Begin PBXSourcesBuildPhase section */
		6C9C9BE129A4CF3000A6852A /* Sources */ = {
			isa = PBXSourcesBuildPhase;
			buildActionMask = 2147483647;
			files = (
				6C9C9BED29A4CF3000A6852A /* ViewController.swift in Sources */,
				6C9C9BE929A4CF3000A6852A /* AppDelegate.swift in Sources */,
				6C9C9BFE29A4CF9200A6852A /* DirectionCvCell.swift in Sources */,
				6C9C9BEB29A4CF3000A6852A /* SceneDelegate.swift in Sources */,
			);
			runOnlyForDeploymentPostprocessing = 0;
		};
/* End PBXSourcesBuildPhase section */

/* Begin PBXVariantGroup section */
		6C9C9BEE29A4CF3000A6852A /* Main.storyboard */ = {
			isa = PBXVariantGroup;
			children = (
				6C9C9BEF29A4CF3000A6852A /* Base */,
			);
			name = Main.storyboard;
			sourceTree = "<group>";
		};
		6C9C9BF329A4CF3100A6852A /* LaunchScreen.storyboard */ = {
			isa = PBXVariantGroup;
			children = (
				6C9C9BF429A4CF3100A6852A /* Base */,
			);
			name = LaunchScreen.storyboard;
			sourceTree = "<group>";
		};
/* End PBXVariantGroup section */

/* Begin XCBuildConfiguration section */
		6C9C9BF729A4CF3100A6852A /* Debug */ = {
			isa = XCBuildConfiguration;
			buildSettings = {
				ALWAYS_SEARCH_USER_PATHS = NO;
				CLANG_ANALYZER_NONNULL = YES;
				CLANG_ANALYZER_NUMBER_OBJECT_CONVERSION = YES_AGGRESSIVE;
				CLANG_CXX_LANGUAGE_STANDARD = "gnu++20";
				CLANG_ENABLE_MODULES = YES;
				CLANG_ENABLE_OBJC_ARC = YES;
				CLANG_ENABLE_OBJC_WEAK = YES;
				CLANG_WARN_BLOCK_CAPTURE_AUTORELEASING = YES;
				CLANG_WARN_BOOL_CONVERSION = YES;
				CLANG_WARN_COMMA = YES;
				CLANG_WARN_CONSTANT_CONVERSION = YES;
				CLANG_WARN_DEPRECATED_OBJC_IMPLEMENTATIONS = YES;
				CLANG_WARN_DIRECT_OBJC_ISA_USAGE = YES_ERROR;
				CLANG_WARN_DOCUMENTATION_COMMENTS = YES;
				CLANG_WARN_EMPTY_BODY = YES;
				CLANG_WARN_ENUM_CONVERSION = YES;
				CLANG_WARN_INFINITE_RECURSION = YES;
				CLANG_WARN_INT_CONVERSION = YES;
				CLANG_WARN_NON_LITERAL_NULL_CONVERSION = YES;
				CLANG_WARN_OBJC_IMPLICIT_RETAIN_SELF = YES;
				CLANG_WARN_OBJC_LITERAL_CONVERSION = YES;
				CLANG_WARN_OBJC_ROOT_CLASS = YES_ERROR;
				CLANG_WARN_QUOTED_INCLUDE_IN_FRAMEWORK_HEADER = YES;
				CLANG_WARN_RANGE_LOOP_ANALYSIS = YES;
				CLANG_WARN_STRICT_PROTOTYPES = YES;
				CLANG_WARN_SUSPICIOUS_MOVE = YES;
				CLANG_WARN_UNGUARDED_AVAILABILITY = YES_AGGRESSIVE;
				CLANG_WARN_UNREACHABLE_CODE = YES;
				CLANG_WARN__DUPLICATE_METHOD_MATCH = YES;
				COPY_PHASE_STRIP = NO;
				DEBUG_INFORMATION_FORMAT = dwarf;
				ENABLE_STRICT_OBJC_MSGSEND = YES;
				ENABLE_TESTABILITY = YES;
				GCC_C_LANGUAGE_STANDARD = gnu11;
				GCC_DYNAMIC_NO_PIC = NO;
				GCC_NO_COMMON_BLOCKS = YES;
				GCC_OPTIMIZATION_LEVEL = 0;
				GCC_PREPROCESSOR_DEFINITIONS = (
					"DEBUG=1",
					"$(inherited)",
				);
				GCC_WARN_64_TO_32_BIT_CONVERSION = YES;
				GCC_WARN_ABOUT_RETURN_TYPE = YES_ERROR;
				GCC_WARN_UNDECLARED_SELECTOR = YES;
				GCC_WARN_UNINITIALIZED_AUTOS = YES_AGGRESSIVE;
				GCC_WARN_UNUSED_FUNCTION = YES;
				GCC_WARN_UNUSED_VARIABLE = YES;
				IPHONEOS_DEPLOYMENT_TARGET = 16.2;
				MTL_ENABLE_DEBUG_INFO = INCLUDE_SOURCE;
				MTL_FAST_MATH = YES;
				ONLY_ACTIVE_ARCH = YES;
				SDKROOT = iphoneos;
				SWIFT_ACTIVE_COMPILATION_CONDITIONS = DEBUG;
				SWIFT_OPTIMIZATION_LEVEL = "-Onone";
			};
			name = Debug;
		};
		6C9C9BF829A4CF3100A6852A /* Release */ = {
			isa = XCBuildConfiguration;
			buildSettings = {
				ALWAYS_SEARCH_USER_PATHS = NO;
				CLANG_ANALYZER_NONNULL = YES;
				CLANG_ANALYZER_NUMBER_OBJECT_CONVERSION = YES_AGGRESSIVE;
				CLANG_CXX_LANGUAGE_STANDARD = "gnu++20";
				CLANG_ENABLE_MODULES = YES;
				CLANG_ENABLE_OBJC_ARC = YES;
				CLANG_ENABLE_OBJC_WEAK = YES;
				CLANG_WARN_BLOCK_CAPTURE_AUTORELEASING = YES;
				CLANG_WARN_BOOL_CONVERSION = YES;
				CLANG_WARN_COMMA = YES;
				CLANG_WARN_CONSTANT_CONVERSION = YES;
				CLANG_WARN_DEPRECATED_OBJC_IMPLEMENTATIONS = YES;
				CLANG_WARN_DIRECT_OBJC_ISA_USAGE = YES_ERROR;
				CLANG_WARN_DOCUMENTATION_COMMENTS = YES;
				CLANG_WARN_EMPTY_BODY = YES;
				CLANG_WARN_ENUM_CONVERSION = YES;
				CLANG_WARN_INFINITE_RECURSION = YES;
				CLANG_WARN_INT_CONVERSION = YES;
				CLANG_WARN_NON_LITERAL_NULL_CONVERSION = YES;
				CLANG_WARN_OBJC_IMPLICIT_RETAIN_SELF = YES;
				CLANG_WARN_OBJC_LITERAL_CONVERSION = YES;
				CLANG_WARN_OBJC_ROOT_CLASS = YES_ERROR;
				CLANG_WARN_QUOTED_INCLUDE_IN_FRAMEWORK_HEADER = YES;
				CLANG_WARN_RANGE_LOOP_ANALYSIS = YES;
				CLANG_WARN_STRICT_PROTOTYPES = YES;
				CLANG_WARN_SUSPICIOUS_MOVE = YES;
				CLANG_WARN_UNGUARDED_AVAILABILITY = YES_AGGRESSIVE;
				CLANG_WARN_UNREACHABLE_CODE = YES;
				CLANG_WARN__DUPLICATE_METHOD_MATCH = YES;
				COPY_PHASE_STRIP = NO;
				DEBUG_INFORMATION_FORMAT = "dwarf-with-dsym";
				ENABLE_NS_ASSERTIONS = NO;
				ENABLE_STRICT_OBJC_MSGSEND = YES;
				GCC_C_LANGUAGE_STANDARD = gnu11;
				GCC_NO_COMMON_BLOCKS = YES;
				GCC_WARN_64_TO_32_BIT_CONVERSION = YES;
				GCC_WARN_ABOUT_RETURN_TYPE = YES_ERROR;
				GCC_WARN_UNDECLARED_SELECTOR = YES;
				GCC_WARN_UNINITIALIZED_AUTOS = YES_AGGRESSIVE;
				GCC_WARN_UNUSED_FUNCTION = YES;
				GCC_WARN_UNUSED_VARIABLE = YES;
				IPHONEOS_DEPLOYMENT_TARGET = 16.2;
				MTL_ENABLE_DEBUG_INFO = NO;
				MTL_FAST_MATH = YES;
				SDKROOT = iphoneos;
				SWIFT_COMPILATION_MODE = wholemodule;
				SWIFT_OPTIMIZATION_LEVEL = "-O";
				VALIDATE_PRODUCT = YES;
			};
			name = Release;
		};
		6C9C9BFA29A4CF3100A6852A /* Debug */ = {
			isa = XCBuildConfiguration;
			buildSettings = {
				ASSETCATALOG_COMPILER_APPICON_NAME = AppIcon;
				ASSETCATALOG_COMPILER_GLOBAL_ACCENT_COLOR_NAME = AccentColor;
				CODE_SIGN_STYLE = Automatic;
				CURRENT_PROJECT_VERSION = 1;
				DEVELOPMENT_TEAM = 88MNYF3498;
				GENERATE_INFOPLIST_FILE = YES;
				INFOPLIST_FILE = "CollectionViewLeft&RightDirection/Info.plist";
				INFOPLIST_KEY_UIApplicationSupportsIndirectInputEvents = YES;
				INFOPLIST_KEY_UILaunchStoryboardName = LaunchScreen;
				INFOPLIST_KEY_UIMainStoryboardFile = Main;
				INFOPLIST_KEY_UISupportedInterfaceOrientations_iPad = "UIInterfaceOrientationPortrait UIInterfaceOrientationPortraitUpsideDown UIInterfaceOrientationLandscapeLeft UIInterfaceOrientationLandscapeRight";
				INFOPLIST_KEY_UISupportedInterfaceOrientations_iPhone = "UIInterfaceOrientationPortrait UIInterfaceOrientationLandscapeLeft UIInterfaceOrientationLandscapeRight";
				LD_RUNPATH_SEARCH_PATHS = (
					"$(inherited)",
					"@executable_path/Frameworks",
				);
				MARKETING_VERSION = 1.0;
				PRODUCT_BUNDLE_IDENTIFIER = "kashem.com.CollectionViewLeft-RightDirection";
				PRODUCT_NAME = "$(TARGET_NAME)";
				SWIFT_EMIT_LOC_STRINGS = YES;
				SWIFT_VERSION = 5.0;
				TARGETED_DEVICE_FAMILY = "1,2";
			};
			name = Debug;
		};
		6C9C9BFB29A4CF3100A6852A /* Release */ = {
			isa = XCBuildConfiguration;
			buildSettings = {
				ASSETCATALOG_COMPILER_APPICON_NAME = AppIcon;
				ASSETCATALOG_COMPILER_GLOBAL_ACCENT_COLOR_NAME = AccentColor;
				CODE_SIGN_STYLE = Automatic;
				CURRENT_PROJECT_VERSION = 1;
				DEVELOPMENT_TEAM = 88MNYF3498;
				GENERATE_INFOPLIST_FILE = YES;
				INFOPLIST_FILE = "CollectionViewLeft&RightDirection/Info.plist";
				INFOPLIST_KEY_UIApplicationSupportsIndirectInputEvents = YES;
				INFOPLIST_KEY_UILaunchStoryboardName = LaunchScreen;
				INFOPLIST_KEY_UIMainStoryboardFile = Main;
				INFOPLIST_KEY_UISupportedInterfaceOrientations_iPad = "UIInterfaceOrientationPortrait UIInterfaceOrientationPortraitUpsideDown UIInterfaceOrientationLandscapeLeft UIInterfaceOrientationLandscapeRight";
				INFOPLIST_KEY_UISupportedInterfaceOrientations_iPhone = "UIInterfaceOrientationPortrait UIInterfaceOrientationLandscapeLeft UIInterfaceOrientationLandscapeRight";
				LD_RUNPATH_SEARCH_PATHS = (
					"$(inherited)",
					"@executable_path/Frameworks",
				);
				MARKETING_VERSION = 1.0;
				PRODUCT_BUNDLE_IDENTIFIER = "kashem.com.CollectionViewLeft-RightDirection";
				PRODUCT_NAME = "$(TARGET_NAME)";
				SWIFT_EMIT_LOC_STRINGS = YES;
				SWIFT_VERSION = 5.0;
				TARGETED_DEVICE_FAMILY = "1,2";
			};
			name = Release;
		};
/* End XCBuildConfiguration section */

/* Begin XCConfigurationList section */
		6C9C9BE029A4CF3000A6852A /* Build configuration list for PBXProject "CollectionViewLeft&RightDirection" */ = {
			isa = XCConfigurationList;
			buildConfigurations = (
				6C9C9BF729A4CF3100A6852A /* Debug */,
				6C9C9BF829A4CF3100A6852A /* Release */,
			);
			defaultConfigurationIsVisible = 0;
			defaultConfigurationName = Release;
		};
		6C9C9BF929A4CF3100A6852A /* Build configuration list for PBXNativeTarget "CollectionViewLeft&RightDirection" */ = {
			isa = XCConfigurationList;
			buildConfigurations = (
				6C9C9BFA29A4CF3100A6852A /* Debug */,
				6C9C9BFB29A4CF3100A6852A /* Release */,
			);
			defaultConfigurationIsVisible = 0;
			defaultConfigurationName = Release;
		};
/* End XCConfigurationList section */
	};
	rootObject = 6C9C9BDD29A4CF3000A6852A /* Project object */;
}
